
Microsoft Visual Studio Solution File, Format Version 12.00
# Visual Studio 14
VisualStudioVersion = 14.0.25420.1
MinimumVisualStudioVersion = 10.0.40219.1
Project("{FAE04EC0-301F-11D3-BF4B-00C04F79EFBC}") = "R3MUS.Devpack.ESI", "R3MUS.Devpack.ESI\R3MUS.Devpack.ESI.csproj", "{C17A6E76-99E6-4F26-BA09-6FDC5FB0731E}"
EndProject
Project("{FAE04EC0-301F-11D3-BF4B-00C04F79EFBC}") = "R3MUS.Devpack.ESI.Tests", "R3MUS.Devpack.ESI.Tests\R3MUS.Devpack.ESI.Tests.csproj", "{1954D289-6081-45FA-B39E-88FFE06CF9AB}"
EndProject
Global
	GlobalSection(SolutionConfigurationPlatforms) = preSolution
		Debug|Any CPU = Debug|Any CPU
		Release|Any CPU = Release|Any CPU
	EndGlobalSection
	GlobalSection(ProjectConfigurationPlatforms) = postSolution
		{C17A6E76-99E6-4F26-BA09-6FDC5FB0731E}.Debug|Any CPU.ActiveCfg = Debug|Any CPU
		{C17A6E76-99E6-4F26-BA09-6FDC5FB0731E}.Debug|Any CPU.Build.0 = Debug|Any CPU
		{C17A6E76-99E6-4F26-BA09-6FDC5FB0731E}.Release|Any CPU.ActiveCfg = Release|Any CPU
		{C17A6E76-99E6-4F26-BA09-6FDC5FB0731E}.Release|Any CPU.Build.0 = Release|Any CPU
		{1954D289-6081-45FA-B39E-88FFE06CF9AB}.Debug|Any CPU.ActiveCfg = Debug|Any CPU
		{1954D289-6081-45FA-B39E-88FFE06CF9AB}.Debug|Any CPU.Build.0 = Debug|Any CPU
		{1954D289-6081-45FA-B39E-88FFE06CF9AB}.Release|Any CPU.ActiveCfg = Release|Any CPU
		{1954D289-6081-45FA-B39E-88FFE06CF9AB}.Release|Any CPU.Build.0 = Release|Any CPU
	EndGlobalSection
	GlobalSection(SolutionProperties) = preSolution
		HideSolutionNode = FALSE
	EndGlobalSection
EndGlobal
